PODS:
  - Alamofire (5.0.0-rc.3)
  - HandyJSON (5.0.1)
  - SnapKit (5.0.1)

DEPENDENCIES:
  - Alamofire (~> 5.0.0-rc.3)
  - HandyJSON (~> 5.0.1)
  - SnapKit (~> 5.0.1)

SPEC REPOS:
  https://github.com/CocoaPods/Specs.git:
    - Alamofire
    - HandyJSON
    - SnapKit

SPEC CHECKSUMS:
  Alamofire: ca8c0de6906873be89d6deec5c8de279e00bf872
  HandyJSON: d45b8415c501e3affc59ca9762c1197ff0feb646
  SnapKit: 97b92857e3df3a0c71833cce143274bf6ef8e5eb

PODFILE CHECKSUM: 7fe8a9c2603918dddc564a2de987c6cfed59d7f0

COCOAPODS: 1.8.4
